
Microsoft Visual Studio Solution File, Format Version 12.00
# Visual Studio 15
VisualStudioVersion = 15.0.28307.329
MinimumVisualStudioVersion = 10.0.40219.1
Project("{FAE04EC0-301F-11D3-BF4B-00C04F79EFBC}") = "Csharp_Selenium_training", "Csharp_Selenium_training\Csharp_Selenium_training.csproj", "{DCC37484-AF0A-481C-A19E-46204CA6D686}"
EndProject
Global
	GlobalSection(SolutionConfigurationPlatforms) = preSolution
		Debug|Any CPU = Debug|Any CPU
		Release|Any CPU = Release|Any CPU
	EndGlobalSection
	GlobalSection(ProjectConfigurationPlatforms) = postSolution
		{DCC37484-AF0A-481C-A19E-46204CA6D686}.Debug|Any CPU.ActiveCfg = Debug|Any CPU
		{DCC37484-AF0A-481C-A19E-46204CA6D686}.Debug|Any CPU.Build.0 = Debug|Any CPU
		{DCC37484-AF0A-481C-A19E-46204CA6D686}.Release|Any CPU.ActiveCfg = Release|Any CPU
		{DCC37484-AF0A-481C-A19E-46204CA6D686}.Release|Any CPU.Build.0 = Release|Any CPU
	EndGlobalSection
	GlobalSection(SolutionProperties) = preSolution
		HideSolutionNode = FALSE
	EndGlobalSection
	GlobalSection(ExtensibilityGlobals) = postSolution
		SolutionGuid = {77600B8A-2AD9-4479-99C1-02DB3E56D658}
	EndGlobalSection
EndGlobal
